// !$*UTF8*$!
{
	archiveVersion = 1;
	classes = {
	};
	objectVersion = 50;
	objects = {

/* Begin PBXBuildFile section */
		0359984D249CC61400254A7F /* Autolayout.swift in Sources */ = {isa = PBXBuildFile; fileRef = 0359984C249CC61400254A7F /* Autolayout.swift */; };
		03AEA1D524AC3ED4003A5714 /* ProductCell.swift in Sources */ = {isa = PBXBuildFile; fileRef = 03AEA1D424AC3ED4003A5714 /* ProductCell.swift */; };
		03AEA1D724AC3F36003A5714 /* BannerCell.swift in Sources */ = {isa = PBXBuildFile; fileRef = 03AEA1D624AC3F36003A5714 /* BannerCell.swift */; };
		03AEA1D924AC3F9A003A5714 /* ArticleCell.swift in Sources */ = {isa = PBXBuildFile; fileRef = 03AEA1D824AC3F9A003A5714 /* ArticleCell.swift */; };
		03AEA1DB24AC4006003A5714 /* UILabel.swift in Sources */ = {isa = PBXBuildFile; fileRef = 03AEA1DA24AC4006003A5714 /* UILabel.swift */; };
		03AEA1DD24AC407A003A5714 /* ShortcutCell.swift in Sources */ = {isa = PBXBuildFile; fileRef = 03AEA1DC24AC407A003A5714 /* ShortcutCell.swift */; };
		03AEA1E124AC52D1003A5714 /* Product.swift in Sources */ = {isa = PBXBuildFile; fileRef = 03AEA1E024AC52D1003A5714 /* Product.swift */; };
		03AEA1E424AC88CF003A5714 /* APIClient.swift in Sources */ = {isa = PBXBuildFile; fileRef = 03AEA1E324AC88CF003A5714 /* APIClient.swift */; };
		03AEA1E624AC9BCE003A5714 /* DecoderError.swift in Sources */ = {isa = PBXBuildFile; fileRef = 03AEA1E524AC9BCE003A5714 /* DecoderError.swift */; };
		03AEA1E824AD7E30003A5714 /* Shortcut.swift in Sources */ = {isa = PBXBuildFile; fileRef = 03AEA1E724AD7E30003A5714 /* Shortcut.swift */; };
		03AEA1EA24AD7E84003A5714 /* Article.swift in Sources */ = {isa = PBXBuildFile; fileRef = 03AEA1E924AD7E84003A5714 /* Article.swift */; };
		03AEA1EC24AD7EDE003A5714 /* Banner.swift in Sources */ = {isa = PBXBuildFile; fileRef = 03AEA1EB24AD7EDE003A5714 /* Banner.swift */; };
		03AEA1EE24AD7F48003A5714 /* HTTPMethod.swift in Sources */ = {isa = PBXBuildFile; fileRef = 03AEA1ED24AD7F48003A5714 /* HTTPMethod.swift */; };
		03AEA1F024AD7F52003A5714 /* Endpoint.swift in Sources */ = {isa = PBXBuildFile; fileRef = 03AEA1EF24AD7F52003A5714 /* Endpoint.swift */; };
		03AEA1F224AD7F8B003A5714 /* Endpoints.swift in Sources */ = {isa = PBXBuildFile; fileRef = 03AEA1F124AD7F8B003A5714 /* Endpoints.swift */; };
		03AEA1F524ADB6F8003A5714 /* UICollectionView.swift in Sources */ = {isa = PBXBuildFile; fileRef = 03AEA1F424ADB6F8003A5714 /* UICollectionView.swift */; };
		03E767DB249B6AFC002B3901 /* AppDelegate.swift in Sources */ = {isa = PBXBuildFile; fileRef = 03E767DA249B6AFC002B3901 /* AppDelegate.swift */; };
		03E767DD249B6AFC002B3901 /* SceneDelegate.swift in Sources */ = {isa = PBXBuildFile; fileRef = 03E767DC249B6AFC002B3901 /* SceneDelegate.swift */; };
		03E767E1249B6AFE002B3901 /* Assets.xcassets in Resources */ = {isa = PBXBuildFile; fileRef = 03E767E0249B6AFE002B3901 /* Assets.xcassets */; };
		03E767E4249B6AFE002B3901 /* Preview Assets.xcassets in Resources */ = {isa = PBXBuildFile; fileRef = 03E767E3249B6AFE002B3901 /* Preview Assets.xcassets */; };
		03E767E7249B6AFE002B3901 /* LaunchScreen.storyboard in Resources */ = {isa = PBXBuildFile; fileRef = 03E767E5249B6AFE002B3901 /* LaunchScreen.storyboard */; };
		03E767EF249B6EE4002B3901 /* HomeViewController.swift in Sources */ = {isa = PBXBuildFile; fileRef = 03E767EE249B6EE4002B3901 /* HomeViewController.swift */; };
/* End PBXBuildFile section */

/* Begin PBXFileReference section */
		0359984C249CC61400254A7F /* Autolayout.swift */ = {isa = PBXFileReference; lastKnownFileType = sourcecode.swift; path = Autolayout.swift; sourceTree = "<group>"; };
		03AEA1D424AC3ED4003A5714 /* ProductCell.swift */ = {isa = PBXFileReference; lastKnownFileType = sourcecode.swift; path = ProductCell.swift; sourceTree = "<group>"; };
		03AEA1D624AC3F36003A5714 /* BannerCell.swift */ = {isa = PBXFileReference; lastKnownFileType = sourcecode.swift; path = BannerCell.swift; sourceTree = "<group>"; };
		03AEA1D824AC3F9A003A5714 /* ArticleCell.swift */ = {isa = PBXFileReference; lastKnownFileType = sourcecode.swift; path = ArticleCell.swift; sourceTree = "<group>"; };
		03AEA1DA24AC4006003A5714 /* UILabel.swift */ = {isa = PBXFileReference; lastKnownFileType = sourcecode.swift; path = UILabel.swift; sourceTree = "<group>"; };
		03AEA1DC24AC407A003A5714 /* ShortcutCell.swift */ = {isa = PBXFileReference; lastKnownFileType = sourcecode.swift; path = ShortcutCell.swift; sourceTree = "<group>"; };
		03AEA1E024AC52D1003A5714 /* Product.swift */ = {isa = PBXFileReference; lastKnownFileType = sourcecode.swift; path = Product.swift; sourceTree = "<group>"; };
		03AEA1E324AC88CF003A5714 /* APIClient.swift */ = {isa = PBXFileReference; lastKnownFileType = sourcecode.swift; path = APIClient.swift; sourceTree = "<group>"; };
		03AEA1E524AC9BCE003A5714 /* DecoderError.swift */ = {isa = PBXFileReference; lastKnownFileType = sourcecode.swift; path = DecoderError.swift; sourceTree = "<group>"; };
		03AEA1E724AD7E30003A5714 /* Shortcut.swift */ = {isa = PBXFileReference; lastKnownFileType = sourcecode.swift; path = Shortcut.swift; sourceTree = "<group>"; };
		03AEA1E924AD7E84003A5714 /* Article.swift */ = {isa = PBXFileReference; lastKnownFileType = sourcecode.swift; path = Article.swift; sourceTree = "<group>"; };
		03AEA1EB24AD7EDE003A5714 /* Banner.swift */ = {isa = PBXFileReference; lastKnownFileType = sourcecode.swift; path = Banner.swift; sourceTree = "<group>"; };
		03AEA1ED24AD7F48003A5714 /* HTTPMethod.swift */ = {isa = PBXFileReference; lastKnownFileType = sourcecode.swift; path = HTTPMethod.swift; sourceTree = "<group>"; };
		03AEA1EF24AD7F52003A5714 /* Endpoint.swift */ = {isa = PBXFileReference; lastKnownFileType = sourcecode.swift; path = Endpoint.swift; sourceTree = "<group>"; };
		03AEA1F124AD7F8B003A5714 /* Endpoints.swift */ = {isa = PBXFileReference; lastKnownFileType = sourcecode.swift; path = Endpoints.swift; sourceTree = "<group>"; };
		03AEA1F424ADB6F8003A5714 /* UICollectionView.swift */ = {isa = PBXFileReference; lastKnownFileType = sourcecode.swift; path = UICollectionView.swift; sourceTree = "<group>"; };
		03E767D7249B6AFC002B3901 /* Shop.app */ = {isa = PBXFileReference; explicitFileType = wrapper.application; includeInIndex = 0; path = Shop.app; sourceTree = BUILT_PRODUCTS_DIR; };
		03E767DA249B6AFC002B3901 /* AppDelegate.swift */ = {isa = PBXFileReference; lastKnownFileType = sourcecode.swift; path = AppDelegate.swift; sourceTree = "<group>"; };
		03E767DC249B6AFC002B3901 /* SceneDelegate.swift */ = {isa = PBXFileReference; lastKnownFileType = sourcecode.swift; path = SceneDelegate.swift; sourceTree = "<group>"; };
		03E767E0249B6AFE002B3901 /* Assets.xcassets */ = {isa = PBXFileReference; lastKnownFileType = folder.assetcatalog; path = Assets.xcassets; sourceTree = "<group>"; };
		03E767E3249B6AFE002B3901 /* Preview Assets.xcassets */ = {isa = PBXFileReference; lastKnownFileType = folder.assetcatalog; path = "Preview Assets.xcassets"; sourceTree = "<group>"; };
		03E767E6249B6AFE002B3901 /* Base */ = {isa = PBXFileReference; lastKnownFileType = file.storyboard; name = Base; path = Base.lproj/LaunchScreen.storyboard; sourceTree = "<group>"; };
		03E767E8249B6AFE002B3901 /* Info.plist */ = {isa = PBXFileReference; lastKnownFileType = text.plist.xml; path = Info.plist; sourceTree = "<group>"; };
		03E767EE249B6EE4002B3901 /* HomeViewController.swift */ = {isa = PBXFileReference; lastKnownFileType = sourcecode.swift; path = HomeViewController.swift; sourceTree = "<group>"; };
/* End PBXFileReference section */

/* Begin PBXFrameworksBuildPhase section */
		03E767D4249B6AFC002B3901 /* Frameworks */ = {
			isa = PBXFrameworksBuildPhase;
			buildActionMask = 2147483647;
			files = (
			);
			runOnlyForDeploymentPostprocessing = 0;
		};
/* End PBXFrameworksBuildPhase section */

/* Begin PBXGroup section */
		0359984B249CC60600254A7F /* Autolayout */ = {
			isa = PBXGroup;
			children = (
				0359984C249CC61400254A7F /* Autolayout.swift */,
			);
			path = Autolayout;
			sourceTree = "<group>";
		};
		0359984E249CC6E700254A7F /* Scenes */ = {
			isa = PBXGroup;
			children = (
				03E767F0249B6EED002B3901 /* Home */,
			);
			path = Scenes;
			sourceTree = "<group>";
		};
		03AEA1DE24AC4109003A5714 /* App */ = {
			isa = PBXGroup;
			children = (
				03E767DA249B6AFC002B3901 /* AppDelegate.swift */,
				03E767DC249B6AFC002B3901 /* SceneDelegate.swift */,
			);
			path = App;
			sourceTree = "<group>";
		};
		03AEA1DF24AC4157003A5714 /* Entity */ = {
			isa = PBXGroup;
			children = (
				03AEA1E024AC52D1003A5714 /* Product.swift */,
				03AEA1E524AC9BCE003A5714 /* DecoderError.swift */,
				03AEA1E724AD7E30003A5714 /* Shortcut.swift */,
				03AEA1E924AD7E84003A5714 /* Article.swift */,
				03AEA1EB24AD7EDE003A5714 /* Banner.swift */,
				03AEA1F124AD7F8B003A5714 /* Endpoints.swift */,
			);
			path = Entity;
			sourceTree = "<group>";
		};
		03AEA1E224AC88C0003A5714 /* Network */ = {
			isa = PBXGroup;
			children = (
				03AEA1E324AC88CF003A5714 /* APIClient.swift */,
				03AEA1ED24AD7F48003A5714 /* HTTPMethod.swift */,
				03AEA1EF24AD7F52003A5714 /* Endpoint.swift */,
			);
			path = Network;
			sourceTree = "<group>";
		};
		03AEA1F324ADB6D5003A5714 /* Extensions */ = {
			isa = PBXGroup;
			children = (
				03AEA1DA24AC4006003A5714 /* UILabel.swift */,
				03AEA1F424ADB6F8003A5714 /* UICollectionView.swift */,
			);
			path = Extensions;
			sourceTree = "<group>";
		};
		03E767CE249B6AFC002B3901 = {
			isa = PBXGroup;
			children = (
				03E767D9249B6AFC002B3901 /* Shop */,
				03E767D8249B6AFC002B3901 /* Products */,
			);
			sourceTree = "<group>";
		};
		03E767D8249B6AFC002B3901 /* Products */ = {
			isa = PBXGroup;
			children = (
				03E767D7249B6AFC002B3901 /* Shop.app */,
			);
			name = Products;
			sourceTree = "<group>";
		};
		03E767D9249B6AFC002B3901 /* Shop */ = {
			isa = PBXGroup;
			children = (
				03AEA1F324ADB6D5003A5714 /* Extensions */,
				03AEA1E224AC88C0003A5714 /* Network */,
				03AEA1DF24AC4157003A5714 /* Entity */,
				03AEA1DE24AC4109003A5714 /* App */,
				0359984E249CC6E700254A7F /* Scenes */,
				0359984B249CC60600254A7F /* Autolayout */,
				03E767E0249B6AFE002B3901 /* Assets.xcassets */,
				03E767E5249B6AFE002B3901 /* LaunchScreen.storyboard */,
				03E767E8249B6AFE002B3901 /* Info.plist */,
				03E767E2249B6AFE002B3901 /* Preview Content */,
			);
			path = Shop;
			sourceTree = "<group>";
		};
		03E767E2249B6AFE002B3901 /* Preview Content */ = {
			isa = PBXGroup;
			children = (
				03E767E3249B6AFE002B3901 /* Preview Assets.xcassets */,
			);
			path = "Preview Content";
			sourceTree = "<group>";
		};
		03E767F0249B6EED002B3901 /* Home */ = {
			isa = PBXGroup;
			children = (
				03E767EE249B6EE4002B3901 /* HomeViewController.swift */,
				03AEA1D424AC3ED4003A5714 /* ProductCell.swift */,
				03AEA1D624AC3F36003A5714 /* BannerCell.swift */,
				03AEA1D824AC3F9A003A5714 /* ArticleCell.swift */,
				03AEA1DC24AC407A003A5714 /* ShortcutCell.swift */,
			);
			path = Home;
			sourceTree = "<group>";
		};
/* End PBXGroup section */

/* Begin PBXNativeTarget section */
		03E767D6249B6AFC002B3901 /* Shop */ = {
			isa = PBXNativeTarget;
			buildConfigurationList = 03E767EB249B6AFE002B3901 /* Build configuration list for PBXNativeTarget "Shop" */;
			buildPhases = (
				03E767D3249B6AFC002B3901 /* Sources */,
				03E767D4249B6AFC002B3901 /* Frameworks */,
				03E767D5249B6AFC002B3901 /* Resources */,
			);
			buildRules = (
			);
			dependencies = (
			);
			name = Shop;
			productName = Shop;
			productReference = 03E767D7249B6AFC002B3901 /* Shop.app */;
			productType = "com.apple.product-type.application";
		};
/* End PBXNativeTarget section */

/* Begin PBXProject section */
		03E767CF249B6AFC002B3901 /* Project object */ = {
			isa = PBXProject;
			attributes = {
				LastSwiftUpdateCheck = 1120;
				LastUpgradeCheck = 1120;
				ORGANIZATIONNAME = yhkaplan;
				TargetAttributes = {
					03E767D6249B6AFC002B3901 = {
						CreatedOnToolsVersion = 11.2.1;
					};
				};
			};
			buildConfigurationList = 03E767D2249B6AFC002B3901 /* Build configuration list for PBXProject "Shop" */;
			compatibilityVersion = "Xcode 9.3";
			developmentRegion = en;
			hasScannedForEncodings = 0;
			knownRegions = (
				en,
				Base,
			);
			mainGroup = 03E767CE249B6AFC002B3901;
			productRefGroup = 03E767D8249B6AFC002B3901 /* Products */;
			projectDirPath = "";
			projectRoot = "";
			targets = (
				03E767D6249B6AFC002B3901 /* Shop */,
			);
		};
/* End PBXProject section */

/* Begin PBXResourcesBuildPhase section */
		03E767D5249B6AFC002B3901 /* Resources */ = {
			isa = PBXResourcesBuildPhase;
			buildActionMask = 2147483647;
			files = (
				03E767E7249B6AFE002B3901 /* LaunchScreen.storyboard in Resources */,
				03E767E4249B6AFE002B3901 /* Preview Assets.xcassets in Resources */,
				03E767E1249B6AFE002B3901 /* Assets.xcassets in Resources */,
			);
			runOnlyForDeploymentPostprocessing = 0;
		};
/* End PBXResourcesBuildPhase section */

/* Begin PBXSourcesBuildPhase section */
		03E767D3249B6AFC002B3901 /* Sources */ = {
			isa = PBXSourcesBuildPhase;
			buildActionMask = 2147483647;
			files = (
				03AEA1EA24AD7E84003A5714 /* Article.swift in Sources */,
				03AEA1D724AC3F36003A5714 /* BannerCell.swift in Sources */,
				03AEA1EC24AD7EDE003A5714 /* Banner.swift in Sources */,
				03AEA1D524AC3ED4003A5714 /* ProductCell.swift in Sources */,
				03AEA1E624AC9BCE003A5714 /* DecoderError.swift in Sources */,
				03AEA1E824AD7E30003A5714 /* Shortcut.swift in Sources */,
				03E767DB249B6AFC002B3901 /* AppDelegate.swift in Sources */,
				0359984D249CC61400254A7F /* Autolayout.swift in Sources */,
				03E767EF249B6EE4002B3901 /* HomeViewController.swift in Sources */,
				03AEA1E424AC88CF003A5714 /* APIClient.swift in Sources */,
				03AEA1D924AC3F9A003A5714 /* ArticleCell.swift in Sources */,
				03E767DD249B6AFC002B3901 /* SceneDelegate.swift in Sources */,
				03AEA1EE24AD7F48003A5714 /* HTTPMethod.swift in Sources */,
				03AEA1E124AC52D1003A5714 /* Product.swift in Sources */,
				03AEA1DB24AC4006003A5714 /* UILabel.swift in Sources */,
				03AEA1F024AD7F52003A5714 /* Endpoint.swift in Sources */,
				03AEA1F224AD7F8B003A5714 /* Endpoints.swift in Sources */,
				03AEA1DD24AC407A003A5714 /* ShortcutCell.swift in Sources */,
				03AEA1F524ADB6F8003A5714 /* UICollectionView.swift in Sources */,
			);
			runOnlyForDeploymentPostprocessing = 0;
		};
/* End PBXSourcesBuildPhase section */

/* Begin PBXVariantGroup section */
		03E767E5249B6AFE002B3901 /* LaunchScreen.storyboard */ = {
			isa = PBXVariantGroup;
			children = (
				03E767E6249B6AFE002B3901 /* Base */,
			);
			name = LaunchScreen.storyboard;
			sourceTree = "<group>";
		};
/* End PBXVariantGroup section */

/* Begin XCBuildConfiguration section */
		03E767E9249B6AFE002B3901 /* Debug */ = {
			isa = XCBuildConfiguration;
			buildSettings = {
				ALWAYS_SEARCH_USER_PATHS = NO;
				CLANG_ANALYZER_NONNULL = YES;
				CLANG_ANALYZER_NUMBER_OBJECT_CONVERSION = YES_AGGRESSIVE;
				CLANG_CXX_LANGUAGE_STANDARD = "gnu++14";
				CLANG_CXX_LIBRARY = "libc++";
				CLANG_ENABLE_MODULES = YES;
				CLANG_ENABLE_OBJC_ARC = YES;
				CLANG_ENABLE_OBJC_WEAK = YES;
				CLANG_WARN_BLOCK_CAPTURE_AUTORELEASING = YES;
				CLANG_WARN_BOOL_CONVERSION = YES;
				CLANG_WARN_COMMA = YES;
				CLANG_WARN_CONSTANT_CONVERSION = YES;
				CLANG_WARN_DEPRECATED_OBJC_IMPLEMENTATIONS = YES;
				CLANG_WARN_DIRECT_OBJC_ISA_USAGE = YES_ERROR;
				CLANG_WARN_DOCUMENTATION_COMMENTS = YES;
				CLANG_WARN_EMPTY_BODY = YES;
				CLANG_WARN_ENUM_CONVERSION = YES;
				CLANG_WARN_INFINITE_RECURSION = YES;
				CLANG_WARN_INT_CONVERSION = YES;
				CLANG_WARN_NON_LITERAL_NULL_CONVERSION = YES;
				CLANG_WARN_OBJC_IMPLICIT_RETAIN_SELF = YES;
				CLANG_WARN_OBJC_LITERAL_CONVERSION = YES;
				CLANG_WARN_OBJC_ROOT_CLASS = YES_ERROR;
				CLANG_WARN_RANGE_LOOP_ANALYSIS = YES;
				CLANG_WARN_STRICT_PROTOTYPES = YES;
				CLANG_WARN_SUSPICIOUS_MOVE = YES;
				CLANG_WARN_UNGUARDED_AVAILABILITY = YES_AGGRESSIVE;
				CLANG_WARN_UNREACHABLE_CODE = YES;
				CLANG_WARN__DUPLICATE_METHOD_MATCH = YES;
				COPY_PHASE_STRIP = NO;
				DEBUG_INFORMATION_FORMAT = dwarf;
				ENABLE_STRICT_OBJC_MSGSEND = YES;
				ENABLE_TESTABILITY = YES;
				GCC_C_LANGUAGE_STANDARD = gnu11;
				GCC_DYNAMIC_NO_PIC = NO;
				GCC_NO_COMMON_BLOCKS = YES;
				GCC_OPTIMIZATION_LEVEL = 0;
				GCC_PREPROCESSOR_DEFINITIONS = (
					"DEBUG=1",
					"$(inherited)",
				);
				GCC_WARN_64_TO_32_BIT_CONVERSION = YES;
				GCC_WARN_ABOUT_RETURN_TYPE = YES_ERROR;
				GCC_WARN_UNDECLARED_SELECTOR = YES;
				GCC_WARN_UNINITIALIZED_AUTOS = YES_AGGRESSIVE;
				GCC_WARN_UNUSED_FUNCTION = YES;
				GCC_WARN_UNUSED_VARIABLE = YES;
				IPHONEOS_DEPLOYMENT_TARGET = 13.2;
				MTL_ENABLE_DEBUG_INFO = INCLUDE_SOURCE;
				MTL_FAST_MATH = YES;
				ONLY_ACTIVE_ARCH = YES;
				SDKROOT = iphoneos;
				SWIFT_ACTIVE_COMPILATION_CONDITIONS = DEBUG;
				SWIFT_OPTIMIZATION_LEVEL = "-Onone";
			};
			name = Debug;
		};
		03E767EA249B6AFE002B3901 /* Release */ = {
			isa = XCBuildConfiguration;
			buildSettings = {
				ALWAYS_SEARCH_USER_PATHS = NO;
				CLANG_ANALYZER_NONNULL = YES;
				CLANG_ANALYZER_NUMBER_OBJECT_CONVERSION = YES_AGGRESSIVE;
				CLANG_CXX_LANGUAGE_STANDARD = "gnu++14";
				CLANG_CXX_LIBRARY = "libc++";
				CLANG_ENABLE_MODULES = YES;
				CLANG_ENABLE_OBJC_ARC = YES;
				CLANG_ENABLE_OBJC_WEAK = YES;
				CLANG_WARN_BLOCK_CAPTURE_AUTORELEASING = YES;
				CLANG_WARN_BOOL_CONVERSION = YES;
				CLANG_WARN_COMMA = YES;
				CLANG_WARN_CONSTANT_CONVERSION = YES;
				CLANG_WARN_DEPRECATED_OBJC_IMPLEMENTATIONS = YES;
				CLANG_WARN_DIRECT_OBJC_ISA_USAGE = YES_ERROR;
				CLANG_WARN_DOCUMENTATION_COMMENTS = YES;
				CLANG_WARN_EMPTY_BODY = YES;
				CLANG_WARN_ENUM_CONVERSION = YES;
				CLANG_WARN_INFINITE_RECURSION = YES;
				CLANG_WARN_INT_CONVERSION = YES;
				CLANG_WARN_NON_LITERAL_NULL_CONVERSION = YES;
				CLANG_WARN_OBJC_IMPLICIT_RETAIN_SELF = YES;
				CLANG_WARN_OBJC_LITERAL_CONVERSION = YES;
				CLANG_WARN_OBJC_ROOT_CLASS = YES_ERROR;
				CLANG_WARN_RANGE_LOOP_ANALYSIS = YES;
				CLANG_WARN_STRICT_PROTOTYPES = YES;
				CLANG_WARN_SUSPICIOUS_MOVE = YES;
				CLANG_WARN_UNGUARDED_AVAILABILITY = YES_AGGRESSIVE;
				CLANG_WARN_UNREACHABLE_CODE = YES;
				CLANG_WARN__DUPLICATE_METHOD_MATCH = YES;
				COPY_PHASE_STRIP = NO;
				DEBUG_INFORMATION_FORMAT = "dwarf-with-dsym";
				ENABLE_NS_ASSERTIONS = NO;
				ENABLE_STRICT_OBJC_MSGSEND = YES;
				GCC_C_LANGUAGE_STANDARD = gnu11;
				GCC_NO_COMMON_BLOCKS = YES;
				GCC_WARN_64_TO_32_BIT_CONVERSION = YES;
				GCC_WARN_ABOUT_RETURN_TYPE = YES_ERROR;
				GCC_WARN_UNDECLARED_SELECTOR = YES;
				GCC_WARN_UNINITIALIZED_AUTOS = YES_AGGRESSIVE;
				GCC_WARN_UNUSED_FUNCTION = YES;
				GCC_WARN_UNUSED_VARIABLE = YES;
				IPHONEOS_DEPLOYMENT_TARGET = 13.2;
				MTL_ENABLE_DEBUG_INFO = NO;
				MTL_FAST_MATH = YES;
				SDKROOT = iphoneos;
				SWIFT_COMPILATION_MODE = wholemodule;
				SWIFT_OPTIMIZATION_LEVEL = "-O";
				VALIDATE_PRODUCT = YES;
			};
			name = Release;
		};
		03E767EC249B6AFE002B3901 /* Debug */ = {
			isa = XCBuildConfiguration;
			buildSettings = {
				ASSETCATALOG_COMPILER_APPICON_NAME = AppIcon;
				CODE_SIGN_STYLE = Automatic;
				DEVELOPMENT_ASSET_PATHS = "\"Shop/Preview Content\"";
				DEVELOPMENT_TEAM = MX6NG4HWXZ;
				ENABLE_PREVIEWS = YES;
				INFOPLIST_FILE = Shop/Info.plist;
				IPHONEOS_DEPLOYMENT_TARGET = 13.2;
				LD_RUNPATH_SEARCH_PATHS = (
					"$(inherited)",
					"@executable_path/Frameworks",
				);
				PRODUCT_BUNDLE_IDENTIFIER = com.github.Shop;
				PRODUCT_NAME = "$(TARGET_NAME)";
				SWIFT_VERSION = 5.0;
				TARGETED_DEVICE_FAMILY = 1;
			};
			name = Debug;
		};
		03E767ED249B6AFE002B3901 /* Release */ = {
			isa = XCBuildConfiguration;
			buildSettings = {
				ASSETCATALOG_COMPILER_APPICON_NAME = AppIcon;
				CODE_SIGN_STYLE = Automatic;
				DEVELOPMENT_ASSET_PATHS = "\"Shop/Preview Content\"";
				DEVELOPMENT_TEAM = MX6NG4HWXZ;
				ENABLE_PREVIEWS = YES;
				INFOPLIST_FILE = Shop/Info.plist;
				IPHONEOS_DEPLOYMENT_TARGET = 13.2;
				LD_RUNPATH_SEARCH_PATHS = (
					"$(inherited)",
					"@executable_path/Frameworks",
				);
				PRODUCT_BUNDLE_IDENTIFIER = com.github.Shop;
				PRODUCT_NAME = "$(TARGET_NAME)";
				SWIFT_VERSION = 5.0;
				TARGETED_DEVICE_FAMILY = 1;
			};
			name = Release;
		};
/* End XCBuildConfiguration section */

/* Begin XCConfigurationList section */
		03E767D2249B6AFC002B3901 /* Build configuration list for PBXProject "Shop" */ = {
			isa = XCConfigurationList;
			buildConfigurations = (
				03E767E9249B6AFE002B3901 /* Debug */,
				03E767EA249B6AFE002B3901 /* Release */,
			);
			defaultConfigurationIsVisible = 0;
			defaultConfigurationName = Release;
		};
		03E767EB249B6AFE002B3901 /* Build configuration list for PBXNativeTarget "Shop" */ = {
			isa = XCConfigurationList;
			buildConfigurations = (
				03E767EC249B6AFE002B3901 /* Debug */,
				03E767ED249B6AFE002B3901 /* Release */,
			);
			defaultConfigurationIsVisible = 0;
			defaultConfigurationName = Release;
		};
/* End XCConfigurationList section */
	};
	rootObject = 03E767CF249B6AFC002B3901 /* Project object */;
}
